
Microsoft Visual Studio Solution File, Format Version 12.00
# Visual Studio 2012
Project("{F2A71F9B-5D33-465A-A702-920D77279786}") = "ExcelParser", "parcel\Parcel\ExcelParser.fsproj", "{6DE2A2B9-C029-4BDB-8992-D16276471D9F}"
EndProject
Project("{FAE04EC0-301F-11D3-BF4B-00C04F79EFBC}") = "Spreadsheet", "Spreadsheet\Spreadsheet.csproj", "{6614E44E-52D3-4437-A140-0224B58FD100}"
EndProject
Project("{F2A71F9B-5D33-465A-A702-920D77279786}") = "SpreadsheetAST", "SpreadsheetAST\SpreadsheetAST.fsproj", "{2B1EEF20-E673-4BBA-B1FC-E68BBB5E120C}"
EndProject
Global
	GlobalSection(SolutionConfigurationPlatforms) = preSolution
		Debug|Any CPU = Debug|Any CPU
		Release|Any CPU = Release|Any CPU
	EndGlobalSection
	GlobalSection(ProjectConfigurationPlatforms) = postSolution
		{6DE2A2B9-C029-4BDB-8992-D16276471D9F}.Debug|Any CPU.ActiveCfg = Debug|Any CPU
		{6DE2A2B9-C029-4BDB-8992-D16276471D9F}.Debug|Any CPU.Build.0 = Debug|Any CPU
		{6DE2A2B9-C029-4BDB-8992-D16276471D9F}.Release|Any CPU.ActiveCfg = Release|Any CPU
		{6DE2A2B9-C029-4BDB-8992-D16276471D9F}.Release|Any CPU.Build.0 = Release|Any CPU
		{6614E44E-52D3-4437-A140-0224B58FD100}.Debug|Any CPU.ActiveCfg = Debug|Any CPU
		{6614E44E-52D3-4437-A140-0224B58FD100}.Debug|Any CPU.Build.0 = Debug|Any CPU
		{6614E44E-52D3-4437-A140-0224B58FD100}.Release|Any CPU.ActiveCfg = Release|Any CPU
		{6614E44E-52D3-4437-A140-0224B58FD100}.Release|Any CPU.Build.0 = Release|Any CPU
		{2B1EEF20-E673-4BBA-B1FC-E68BBB5E120C}.Debug|Any CPU.ActiveCfg = Debug|Any CPU
		{2B1EEF20-E673-4BBA-B1FC-E68BBB5E120C}.Debug|Any CPU.Build.0 = Debug|Any CPU
		{2B1EEF20-E673-4BBA-B1FC-E68BBB5E120C}.Release|Any CPU.ActiveCfg = Release|Any CPU
		{2B1EEF20-E673-4BBA-B1FC-E68BBB5E120C}.Release|Any CPU.Build.0 = Release|Any CPU
	EndGlobalSection
	GlobalSection(SolutionProperties) = preSolution
		HideSolutionNode = FALSE
	EndGlobalSection
EndGlobal
